// !$*UTF8*$!
{
	archiveVersion = 1;
	classes = {
	};
	objectVersion = 50;
	objects = {

/* Begin PBXBuildFile section */
		FED94524234C925200322FB3 /* iPhoneXS.storyboard in Resources */ = {isa = PBXBuildFile; fileRef = FED94523234C925200322FB3 /* iPhoneXS.storyboard */; };
		FEEF2C76234C8E15000373F3 /* AppDelegate.swift in Sources */ = {isa = PBXBuildFile; fileRef = FEEF2C75234C8E15000373F3 /* AppDelegate.swift */; };
		FEEF2C78234C8E15000373F3 /* SceneDelegate.swift in Sources */ = {isa = PBXBuildFile; fileRef = FEEF2C77234C8E15000373F3 /* SceneDelegate.swift */; };
		FEEF2C7A234C8E15000373F3 /* ViewController.swift in Sources */ = {isa = PBXBuildFile; fileRef = FEEF2C79234C8E15000373F3 /* ViewController.swift */; };
		FEEF2C7D234C8E15000373F3 /* Main.storyboard in Resources */ = {isa = PBXBuildFile; fileRef = FEEF2C7B234C8E15000373F3 /* Main.storyboard */; };
		FEEF2C7F234C8E19000373F3 /* Assets.xcassets in Resources */ = {isa = PBXBuildFile; fileRef = FEEF2C7E234C8E19000373F3 /* Assets.xcassets */; };
		FEEF2C82234C8E19000373F3 /* LaunchScreen.storyboard in Resources */ = {isa = PBXBuildFile; fileRef = FEEF2C80234C8E19000373F3 /* LaunchScreen.storyboard */; };
/* End PBXBuildFile section */

/* Begin PBXFileReference section */
		FED94523234C925200322FB3 /* iPhoneXS.storyboard */ = {isa = PBXFileReference; lastKnownFileType = file.storyboard; path = iPhoneXS.storyboard; sourceTree = "<group>"; };
		FEEF2C72234C8E15000373F3 /* Multi-Devices.app */ = {isa = PBXFileReference; explicitFileType = wrapper.application; includeInIndex = 0; path = "Multi-Devices.app"; sourceTree = BUILT_PRODUCTS_DIR; };
		FEEF2C75234C8E15000373F3 /* AppDelegate.swift */ = {isa = PBXFileReference; lastKnownFileType = sourcecode.swift; path = AppDelegate.swift; sourceTree = "<group>"; };
		FEEF2C77234C8E15000373F3 /* SceneDelegate.swift */ = {isa = PBXFileReference; lastKnownFileType = sourcecode.swift; path = SceneDelegate.swift; sourceTree = "<group>"; };
		FEEF2C79234C8E15000373F3 /* ViewController.swift */ = {isa = PBXFileReference; lastKnownFileType = sourcecode.swift; path = ViewController.swift; sourceTree = "<group>"; };
		FEEF2C7C234C8E15000373F3 /* Base */ = {isa = PBXFileReference; lastKnownFileType = file.storyboard; name = Base; path = Base.lproj/Main.storyboard; sourceTree = "<group>"; };
		FEEF2C7E234C8E19000373F3 /* Assets.xcassets */ = {isa = PBXFileReference; lastKnownFileType = folder.assetcatalog; path = Assets.xcassets; sourceTree = "<group>"; };
		FEEF2C81234C8E19000373F3 /* Base */ = {isa = PBXFileReference; lastKnownFileType = file.storyboard; name = Base; path = Base.lproj/LaunchScreen.storyboard; sourceTree = "<group>"; };
		FEEF2C83234C8E19000373F3 /* Info.plist */ = {isa = PBXFileReference; lastKnownFileType = text.plist.xml; path = Info.plist; sourceTree = "<group>"; };
/* End PBXFileReference section */

/* Begin PBXFrameworksBuildPhase section */
		FEEF2C6F234C8E15000373F3 /* Frameworks */ = {
			isa = PBXFrameworksBuildPhase;
			buildActionMask = 2147483647;
			files = (
			);
			runOnlyForDeploymentPostprocessing = 0;
		};
/* End PBXFrameworksBuildPhase section */

/* Begin PBXGroup section */
		FEEF2C69234C8E15000373F3 = {
			isa = PBXGroup;
			children = (
				FEEF2C74234C8E15000373F3 /* Multi-Devices */,
				FEEF2C73234C8E15000373F3 /* Products */,
			);
			sourceTree = "<group>";
		};
		FEEF2C73234C8E15000373F3 /* Products */ = {
			isa = PBXGroup;
			children = (
				FEEF2C72234C8E15000373F3 /* Multi-Devices.app */,
			);
			name = Products;
			sourceTree = "<group>";
		};
		FEEF2C74234C8E15000373F3 /* Multi-Devices */ = {
			isa = PBXGroup;
			children = (
				FEEF2C75234C8E15000373F3 /* AppDelegate.swift */,
				FEEF2C77234C8E15000373F3 /* SceneDelegate.swift */,
				FEEF2C79234C8E15000373F3 /* ViewController.swift */,
				FEEF2C7B234C8E15000373F3 /* Main.storyboard */,
				FED94523234C925200322FB3 /* iPhoneXS.storyboard */,
				FEEF2C7E234C8E19000373F3 /* Assets.xcassets */,
				FEEF2C80234C8E19000373F3 /* LaunchScreen.storyboard */,
				FEEF2C83234C8E19000373F3 /* Info.plist */,
			);
			path = "Multi-Devices";
			sourceTree = "<group>";
		};
/* End PBXGroup section */

/* Begin PBXNativeTarget section */
		FEEF2C71234C8E15000373F3 /* Multi-Devices */ = {
			isa = PBXNativeTarget;
			buildConfigurationList = FEEF2C86234C8E19000373F3 /* Build configuration list for PBXNativeTarget "Multi-Devices" */;
			buildPhases = (
				FEEF2C6E234C8E15000373F3 /* Sources */,
				FEEF2C6F234C8E15000373F3 /* Frameworks */,
				FEEF2C70234C8E15000373F3 /* Resources */,
			);
			buildRules = (
			);
			dependencies = (
			);
			name = "Multi-Devices";
			productName = "Multi-Devices";
			productReference = FEEF2C72234C8E15000373F3 /* Multi-Devices.app */;
			productType = "com.apple.product-type.application";
		};
/* End PBXNativeTarget section */

/* Begin PBXProject section */
		FEEF2C6A234C8E15000373F3 /* Project object */ = {
			isa = PBXProject;
			attributes = {
				LastSwiftUpdateCheck = 1110;
				LastUpgradeCheck = 1110;
				ORGANIZATIONNAME = "Tsuyoshi Nagasaka";
				TargetAttributes = {
					FEEF2C71234C8E15000373F3 = {
						CreatedOnToolsVersion = 11.1;
					};
				};
			};
			buildConfigurationList = FEEF2C6D234C8E15000373F3 /* Build configuration list for PBXProject "Multi-Devices" */;
			compatibilityVersion = "Xcode 9.3";
			developmentRegion = en;
			hasScannedForEncodings = 0;
			knownRegions = (
				en,
				Base,
			);
			mainGroup = FEEF2C69234C8E15000373F3;
			productRefGroup = FEEF2C73234C8E15000373F3 /* Products */;
			projectDirPath = "";
			projectRoot = "";
			targets = (
				FEEF2C71234C8E15000373F3 /* Multi-Devices */,
			);
		};
/* End PBXProject section */

/* Begin PBXResourcesBuildPhase section */
		FEEF2C70234C8E15000373F3 /* Resources */ = {
			isa = PBXResourcesBuildPhase;
			buildActionMask = 2147483647;
			files = (
				FED94524234C925200322FB3 /* iPhoneXS.storyboard in Resources */,
				FEEF2C82234C8E19000373F3 /* LaunchScreen.storyboard in Resources */,
				FEEF2C7F234C8E19000373F3 /* Assets.xcassets in Resources */,
				FEEF2C7D234C8E15000373F3 /* Main.storyboard in Resources */,
			);
			runOnlyForDeploymentPostprocessing = 0;
		};
/* End PBXResourcesBuildPhase section */

/* Begin PBXSourcesBuildPhase section */
		FEEF2C6E234C8E15000373F3 /* Sources */ = {
			isa = PBXSourcesBuildPhase;
			buildActionMask = 2147483647;
			files = (
				FEEF2C7A234C8E15000373F3 /* ViewController.swift in Sources */,
				FEEF2C76234C8E15000373F3 /* AppDelegate.swift in Sources */,
				FEEF2C78234C8E15000373F3 /* SceneDelegate.swift in Sources */,
			);
			runOnlyForDeploymentPostprocessing = 0;
		};
/* End PBXSourcesBuildPhase section */

/* Begin PBXVariantGroup section */
		FEEF2C7B234C8E15000373F3 /* Main.storyboard */ = {
			isa = PBXVariantGroup;
			children = (
				FEEF2C7C234C8E15000373F3 /* Base */,
			);
			name = Main.storyboard;
			sourceTree = "<group>";
		};
		FEEF2C80234C8E19000373F3 /* LaunchScreen.storyboard */ = {
			isa = PBXVariantGroup;
			children = (
				FEEF2C81234C8E19000373F3 /* Base */,
			);
			name = LaunchScreen.storyboard;
			sourceTree = "<group>";
		};
/* End PBXVariantGroup section */

/* Begin XCBuildConfiguration section */
		FEEF2C84234C8E19000373F3 /* Debug */ = {
			isa = XCBuildConfiguration;
			buildSettings = {
				ALWAYS_SEARCH_USER_PATHS = NO;
				CLANG_ANALYZER_NONNULL = YES;
				CLANG_ANALYZER_NUMBER_OBJECT_CONVERSION = YES_AGGRESSIVE;
				CLANG_CXX_LANGUAGE_STANDARD = "gnu++14";
				CLANG_CXX_LIBRARY = "libc++";
				CLANG_ENABLE_MODULES = YES;
				CLANG_ENABLE_OBJC_ARC = YES;
				CLANG_ENABLE_OBJC_WEAK = YES;
				CLANG_WARN_BLOCK_CAPTURE_AUTORELEASING = YES;
				CLANG_WARN_BOOL_CONVERSION = YES;
				CLANG_WARN_COMMA = YES;
				CLANG_WARN_CONSTANT_CONVERSION = YES;
				CLANG_WARN_DEPRECATED_OBJC_IMPLEMENTATIONS = YES;
				CLANG_WARN_DIRECT_OBJC_ISA_USAGE = YES_ERROR;
				CLANG_WARN_DOCUMENTATION_COMMENTS = YES;
				CLANG_WARN_EMPTY_BODY = YES;
				CLANG_WARN_ENUM_CONVERSION = YES;
				CLANG_WARN_INFINITE_RECURSION = YES;
				CLANG_WARN_INT_CONVERSION = YES;
				CLANG_WARN_NON_LITERAL_NULL_CONVERSION = YES;
				CLANG_WARN_OBJC_IMPLICIT_RETAIN_SELF = YES;
				CLANG_WARN_OBJC_LITERAL_CONVERSION = YES;
				CLANG_WARN_OBJC_ROOT_CLASS = YES_ERROR;
				CLANG_WARN_RANGE_LOOP_ANALYSIS = YES;
				CLANG_WARN_STRICT_PROTOTYPES = YES;
				CLANG_WARN_SUSPICIOUS_MOVE = YES;
				CLANG_WARN_UNGUARDED_AVAILABILITY = YES_AGGRESSIVE;
				CLANG_WARN_UNREACHABLE_CODE = YES;
				CLANG_WARN__DUPLICATE_METHOD_MATCH = YES;
				COPY_PHASE_STRIP = NO;
				DEBUG_INFORMATION_FORMAT = dwarf;
				ENABLE_STRICT_OBJC_MSGSEND = YES;
				ENABLE_TESTABILITY = YES;
				GCC_C_LANGUAGE_STANDARD = gnu11;
				GCC_DYNAMIC_NO_PIC = NO;
				GCC_NO_COMMON_BLOCKS = YES;
				GCC_OPTIMIZATION_LEVEL = 0;
				GCC_PREPROCESSOR_DEFINITIONS = (
					"DEBUG=1",
					"$(inherited)",
				);
				GCC_WARN_64_TO_32_BIT_CONVERSION = YES;
				GCC_WARN_ABOUT_RETURN_TYPE = YES_ERROR;
				GCC_WARN_UNDECLARED_SELECTOR = YES;
				GCC_WARN_UNINITIALIZED_AUTOS = YES_AGGRESSIVE;
				GCC_WARN_UNUSED_FUNCTION = YES;
				GCC_WARN_UNUSED_VARIABLE = YES;
				IPHONEOS_DEPLOYMENT_TARGET = 13.1;
				MTL_ENABLE_DEBUG_INFO = INCLUDE_SOURCE;
				MTL_FAST_MATH = YES;
				ONLY_ACTIVE_ARCH = YES;
				SDKROOT = iphoneos;
				SWIFT_ACTIVE_COMPILATION_CONDITIONS = DEBUG;
				SWIFT_OPTIMIZATION_LEVEL = "-Onone";
			};
			name = Debug;
		};
		FEEF2C85234C8E19000373F3 /* Release */ = {
			isa = XCBuildConfiguration;
			buildSettings = {
				ALWAYS_SEARCH_USER_PATHS = NO;
				CLANG_ANALYZER_NONNULL = YES;
				CLANG_ANALYZER_NUMBER_OBJECT_CONVERSION = YES_AGGRESSIVE;
				CLANG_CXX_LANGUAGE_STANDARD = "gnu++14";
				CLANG_CXX_LIBRARY = "libc++";
				CLANG_ENABLE_MODULES = YES;
				CLANG_ENABLE_OBJC_ARC = YES;
				CLANG_ENABLE_OBJC_WEAK = YES;
				CLANG_WARN_BLOCK_CAPTURE_AUTORELEASING = YES;
				CLANG_WARN_BOOL_CONVERSION = YES;
				CLANG_WARN_COMMA = YES;
				CLANG_WARN_CONSTANT_CONVERSION = YES;
				CLANG_WARN_DEPRECATED_OBJC_IMPLEMENTATIONS = YES;
				CLANG_WARN_DIRECT_OBJC_ISA_USAGE = YES_ERROR;
				CLANG_WARN_DOCUMENTATION_COMMENTS = YES;
				CLANG_WARN_EMPTY_BODY = YES;
				CLANG_WARN_ENUM_CONVERSION = YES;
				CLANG_WARN_INFINITE_RECURSION = YES;
				CLANG_WARN_INT_CONVERSION = YES;
				CLANG_WARN_NON_LITERAL_NULL_CONVERSION = YES;
				CLANG_WARN_OBJC_IMPLICIT_RETAIN_SELF = YES;
				CLANG_WARN_OBJC_LITERAL_CONVERSION = YES;
				CLANG_WARN_OBJC_ROOT_CLASS = YES_ERROR;
				CLANG_WARN_RANGE_LOOP_ANALYSIS = YES;
				CLANG_WARN_STRICT_PROTOTYPES = YES;
				CLANG_WARN_SUSPICIOUS_MOVE = YES;
				CLANG_WARN_UNGUARDED_AVAILABILITY = YES_AGGRESSIVE;
				CLANG_WARN_UNREACHABLE_CODE = YES;
				CLANG_WARN__DUPLICATE_METHOD_MATCH = YES;
				COPY_PHASE_STRIP = NO;
				DEBUG_INFORMATION_FORMAT = "dwarf-with-dsym";
				ENABLE_NS_ASSERTIONS = NO;
				ENABLE_STRICT_OBJC_MSGSEND = YES;
				GCC_C_LANGUAGE_STANDARD = gnu11;
				GCC_NO_COMMON_BLOCKS = YES;
				GCC_WARN_64_TO_32_BIT_CONVERSION = YES;
				GCC_WARN_ABOUT_RETURN_TYPE = YES_ERROR;
				GCC_WARN_UNDECLARED_SELECTOR = YES;
				GCC_WARN_UNINITIALIZED_AUTOS = YES_AGGRESSIVE;
				GCC_WARN_UNUSED_FUNCTION = YES;
				GCC_WARN_UNUSED_VARIABLE = YES;
				IPHONEOS_DEPLOYMENT_TARGET = 13.1;
				MTL_ENABLE_DEBUG_INFO = NO;
				MTL_FAST_MATH = YES;
				SDKROOT = iphoneos;
				SWIFT_COMPILATION_MODE = wholemodule;
				SWIFT_OPTIMIZATION_LEVEL = "-O";
				VALIDATE_PRODUCT = YES;
			};
			name = Release;
		};
		FEEF2C87234C8E19000373F3 /* Debug */ = {
			isa = XCBuildConfiguration;
			buildSettings = {
				ASSETCATALOG_COMPILER_APPICON_NAME = AppIcon;
				CODE_SIGN_STYLE = Automatic;
				DEVELOPMENT_TEAM = XWS6CUHRBX;
				INFOPLIST_FILE = "Multi-Devices/Info.plist";
				LD_RUNPATH_SEARCH_PATHS = (
					"$(inherited)",
					"@executable_path/Frameworks",
				);
				PRODUCT_BUNDLE_IDENTIFIER = "com.gmail.nagasaka244.514.Multi-Devices";
				PRODUCT_NAME = "$(TARGET_NAME)";
				SWIFT_VERSION = 5.0;
				TARGETED_DEVICE_FAMILY = 1;
			};
			name = Debug;
		};
		FEEF2C88234C8E19000373F3 /* Release */ = {
			isa = XCBuildConfiguration;
			buildSettings = {
				ASSETCATALOG_COMPILER_APPICON_NAME = AppIcon;
				CODE_SIGN_STYLE = Automatic;
				DEVELOPMENT_TEAM = XWS6CUHRBX;
				INFOPLIST_FILE = "Multi-Devices/Info.plist";
				LD_RUNPATH_SEARCH_PATHS = (
					"$(inherited)",
					"@executable_path/Frameworks",
				);
				PRODUCT_BUNDLE_IDENTIFIER = "com.gmail.nagasaka244.514.Multi-Devices";
				PRODUCT_NAME = "$(TARGET_NAME)";
				SWIFT_VERSION = 5.0;
				TARGETED_DEVICE_FAMILY = 1;
			};
			name = Release;
		};
/* End XCBuildConfiguration section */

/* Begin XCConfigurationList section */
		FEEF2C6D234C8E15000373F3 /* Build configuration list for PBXProject "Multi-Devices" */ = {
			isa = XCConfigurationList;
			buildConfigurations = (
				FEEF2C84234C8E19000373F3 /* Debug */,
				FEEF2C85234C8E19000373F3 /* Release */,
			);
			defaultConfigurationIsVisible = 0;
			defaultConfigurationName = Release;
		};
		FEEF2C86234C8E19000373F3 /* Build configuration list for PBXNativeTarget "Multi-Devices" */ = {
			isa = XCConfigurationList;
			buildConfigurations = (
				FEEF2C87234C8E19000373F3 /* Debug */,
				FEEF2C88234C8E19000373F3 /* Release */,
			);
			defaultConfigurationIsVisible = 0;
			defaultConfigurationName = Release;
		};
/* End XCConfigurationList section */
	};
	rootObject = FEEF2C6A234C8E15000373F3 /* Project object */;
}
